
Microsoft Visual Studio Solution File, Format Version 12.00
# Visual Studio Version 16
VisualStudioVersion = 16.0.29806.167
MinimumVisualStudioVersion = 10.0.40219.1
Project("{9A19103F-16F7-4668-BE54-9A1E7A4F7556}") = "MEF.Application", "main\MEF.Application.csproj", "{A05E0100-0E5C-44EE-A494-5FACD228FD7A}"
EndProject
Project("{2150E333-8FDC-42A3-9474-1A3956D46DE8}") = "Source", "Source", "{C3E0B03B-782F-4641-A6B5-ED9F4CE9082F}"
EndProject
Project("{2150E333-8FDC-42A3-9474-1A3956D46DE8}") = "core", "core", "{1A685EC3-9991-4C77-94C7-8B65CAE5623D}"
EndProject
Project("{2150E333-8FDC-42A3-9474-1A3956D46DE8}") = "main", "main", "{436E1324-5F46-498C-853A-7A388485077A}"
EndProject
Project("{FAE04EC0-301F-11D3-BF4B-00C04F79EFBC}") = "MEF.Core", "MEF.Core\MEF.Core.csproj", "{1694CC8B-6795-45C5-B075-BC5FFA6B02D0}"
EndProject
Project("{2150E333-8FDC-42A3-9474-1A3956D46DE8}") = "Tests", "Tests", "{926FF3DF-C433-42FB-B0DD-2252D8DE3800}"
EndProject
Project("{2150E333-8FDC-42A3-9474-1A3956D46DE8}") = "core", "core", "{3E796AB9-7A5B-491D-9EB1-FFBF16692048}"
EndProject
Project("{FAE04EC0-301F-11D3-BF4B-00C04F79EFBC}") = "MEF.Core.Tests", "..\Tests\MEF.Core.Tests\MEF.Core.Tests.csproj", "{3F80B5A0-4A3C-436E-AD0E-FC724190104D}"
EndProject
Project("{2150E333-8FDC-42A3-9474-1A3956D46DE8}") = "common", "common", "{5A2731FB-1A4A-4331-837A-230CFB53CA6C}"
EndProject
Project("{2150E333-8FDC-42A3-9474-1A3956D46DE8}") = "TestHelper", "TestHelper", "{23E39F92-39F2-4418-BCB1-863EABE8B317}"
EndProject
Project("{9A19103F-16F7-4668-BE54-9A1E7A4F7556}") = "TestHelper", "..\Tests\TestHelper\TestHelper.csproj", "{9B0DD98D-2EFC-4129-896D-47E1C68585CB}"
EndProject
Global
	GlobalSection(SolutionConfigurationPlatforms) = preSolution
		Debug|Any CPU = Debug|Any CPU
		Release|Any CPU = Release|Any CPU
	EndGlobalSection
	GlobalSection(ProjectConfigurationPlatforms) = postSolution
		{A05E0100-0E5C-44EE-A494-5FACD228FD7A}.Debug|Any CPU.ActiveCfg = Debug|Any CPU
		{A05E0100-0E5C-44EE-A494-5FACD228FD7A}.Debug|Any CPU.Build.0 = Debug|Any CPU
		{A05E0100-0E5C-44EE-A494-5FACD228FD7A}.Release|Any CPU.ActiveCfg = Release|Any CPU
		{A05E0100-0E5C-44EE-A494-5FACD228FD7A}.Release|Any CPU.Build.0 = Release|Any CPU
		{1694CC8B-6795-45C5-B075-BC5FFA6B02D0}.Debug|Any CPU.ActiveCfg = Debug|Any CPU
		{1694CC8B-6795-45C5-B075-BC5FFA6B02D0}.Debug|Any CPU.Build.0 = Debug|Any CPU
		{1694CC8B-6795-45C5-B075-BC5FFA6B02D0}.Release|Any CPU.ActiveCfg = Release|Any CPU
		{1694CC8B-6795-45C5-B075-BC5FFA6B02D0}.Release|Any CPU.Build.0 = Release|Any CPU
		{3F80B5A0-4A3C-436E-AD0E-FC724190104D}.Debug|Any CPU.ActiveCfg = Debug|Any CPU
		{3F80B5A0-4A3C-436E-AD0E-FC724190104D}.Debug|Any CPU.Build.0 = Debug|Any CPU
		{3F80B5A0-4A3C-436E-AD0E-FC724190104D}.Release|Any CPU.ActiveCfg = Release|Any CPU
		{3F80B5A0-4A3C-436E-AD0E-FC724190104D}.Release|Any CPU.Build.0 = Release|Any CPU
		{9B0DD98D-2EFC-4129-896D-47E1C68585CB}.Debug|Any CPU.ActiveCfg = Debug|Any CPU
		{9B0DD98D-2EFC-4129-896D-47E1C68585CB}.Debug|Any CPU.Build.0 = Debug|Any CPU
		{9B0DD98D-2EFC-4129-896D-47E1C68585CB}.Release|Any CPU.ActiveCfg = Release|Any CPU
		{9B0DD98D-2EFC-4129-896D-47E1C68585CB}.Release|Any CPU.Build.0 = Release|Any CPU
	EndGlobalSection
	GlobalSection(SolutionProperties) = preSolution
		HideSolutionNode = FALSE
	EndGlobalSection
	GlobalSection(NestedProjects) = preSolution
		{A05E0100-0E5C-44EE-A494-5FACD228FD7A} = {436E1324-5F46-498C-853A-7A388485077A}
		{1A685EC3-9991-4C77-94C7-8B65CAE5623D} = {C3E0B03B-782F-4641-A6B5-ED9F4CE9082F}
		{436E1324-5F46-498C-853A-7A388485077A} = {C3E0B03B-782F-4641-A6B5-ED9F4CE9082F}
		{1694CC8B-6795-45C5-B075-BC5FFA6B02D0} = {1A685EC3-9991-4C77-94C7-8B65CAE5623D}
		{3E796AB9-7A5B-491D-9EB1-FFBF16692048} = {926FF3DF-C433-42FB-B0DD-2252D8DE3800}
		{3F80B5A0-4A3C-436E-AD0E-FC724190104D} = {3E796AB9-7A5B-491D-9EB1-FFBF16692048}
		{5A2731FB-1A4A-4331-837A-230CFB53CA6C} = {926FF3DF-C433-42FB-B0DD-2252D8DE3800}
		{23E39F92-39F2-4418-BCB1-863EABE8B317} = {926FF3DF-C433-42FB-B0DD-2252D8DE3800}
		{9B0DD98D-2EFC-4129-896D-47E1C68585CB} = {23E39F92-39F2-4418-BCB1-863EABE8B317}
	EndGlobalSection
	GlobalSection(ExtensibilityGlobals) = postSolution
		SolutionGuid = {8A672316-83AA-43DD-944E-E3918411E808}
	EndGlobalSection
EndGlobal
